
Microsoft Visual Studio Solution File, Format Version 12.00
# Visual Studio Version 16
VisualStudioVersion = 16.0.31321.278
MinimumVisualStudioVersion = 10.0.40219.1
Project("{FAE04EC0-301F-11D3-BF4B-00C04F79EFBC}") = "ClasseAbstrato", "ClasseAbstrato\ClasseAbstrato.csproj", "{5B632AE1-6726-4E7D-A0F0-EC6EE7D52BAB}"
EndProject
Global
	GlobalSection(SolutionConfigurationPlatforms) = preSolution
		Debug|Any CPU = Debug|Any CPU
		Release|Any CPU = Release|Any CPU
	EndGlobalSection
	GlobalSection(ProjectConfigurationPlatforms) = postSolution
		{5B632AE1-6726-4E7D-A0F0-EC6EE7D52BAB}.Debug|Any CPU.ActiveCfg = Debug|Any CPU
		{5B632AE1-6726-4E7D-A0F0-EC6EE7D52BAB}.Debug|Any CPU.Build.0 = Debug|Any CPU
		{5B632AE1-6726-4E7D-A0F0-EC6EE7D52BAB}.Release|Any CPU.ActiveCfg = Release|Any CPU
		{5B632AE1-6726-4E7D-A0F0-EC6EE7D52BAB}.Release|Any CPU.Build.0 = Release|Any CPU
	EndGlobalSection
	GlobalSection(SolutionProperties) = preSolution
		HideSolutionNode = FALSE
	EndGlobalSection
	GlobalSection(ExtensibilityGlobals) = postSolution
		SolutionGuid = {3659D58A-7994-480E-A103-E85183E38DA2}
	EndGlobalSection
EndGlobal
