
Microsoft Visual Studio Solution File, Format Version 12.00
# Visual Studio Version 16
VisualStudioVersion = 16.0.31321.278
MinimumVisualStudioVersion = 10.0.40219.1
Project("{FAE04EC0-301F-11D3-BF4B-00C04F79EFBC}") = "novoStringBuilder", "novoStringBuilder\novoStringBuilder.csproj", "{DBE5C9CF-7431-4D3F-B47B-3895FA1C1D78}"
EndProject
Global
	GlobalSection(SolutionConfigurationPlatforms) = preSolution
		Debug|Any CPU = Debug|Any CPU
		Release|Any CPU = Release|Any CPU
	EndGlobalSection
	GlobalSection(ProjectConfigurationPlatforms) = postSolution
		{DBE5C9CF-7431-4D3F-B47B-3895FA1C1D78}.Debug|Any CPU.ActiveCfg = Debug|Any CPU
		{DBE5C9CF-7431-4D3F-B47B-3895FA1C1D78}.Debug|Any CPU.Build.0 = Debug|Any CPU
		{DBE5C9CF-7431-4D3F-B47B-3895FA1C1D78}.Release|Any CPU.ActiveCfg = Release|Any CPU
		{DBE5C9CF-7431-4D3F-B47B-3895FA1C1D78}.Release|Any CPU.Build.0 = Release|Any CPU
	EndGlobalSection
	GlobalSection(SolutionProperties) = preSolution
		HideSolutionNode = FALSE
	EndGlobalSection
	GlobalSection(ExtensibilityGlobals) = postSolution
		SolutionGuid = {6A19B981-F6E5-4C9E-B5FC-E9B4ECA7AB07}
	EndGlobalSection
EndGlobal
